// !$*UTF8*$!
{
	archiveVersion = 1;
	classes = {
	};
	objectVersion = 50;
	objects = {

/* Begin PBXBuildFile section */
		40F8552420D681F100625284 /* Assets.xcassets in Resources */ = {isa = PBXBuildFile; fileRef = 40F8552320D681F100625284 /* Assets.xcassets */; };
		40F8552B20D681F100625284 /* SelectedAnim MessagesExtension.appex in Embed App Extensions */ = {isa = PBXBuildFile; fileRef = 40F8552A20D681F100625284 /* SelectedAnim MessagesExtension.appex */; settings = {ATTRIBUTES = (RemoveHeadersOnCopy, ); }; };
		40F8553020D681F100625284 /* Messages.framework in Frameworks */ = {isa = PBXBuildFile; fileRef = 40F8552F20D681F100625284 /* Messages.framework */; };
		40F8553320D681F100625284 /* MessagesViewController.swift in Sources */ = {isa = PBXBuildFile; fileRef = 40F8553220D681F100625284 /* MessagesViewController.swift */; };
		40F8553620D681F100625284 /* MainInterface.storyboard in Resources */ = {isa = PBXBuildFile; fileRef = 40F8553420D681F100625284 /* MainInterface.storyboard */; };
		40F8553820D681F200625284 /* Assets.xcassets in Resources */ = {isa = PBXBuildFile; fileRef = 40F8553720D681F200625284 /* Assets.xcassets */; };
/* End PBXBuildFile section */

/* Begin PBXContainerItemProxy section */
		40F8552C20D681F100625284 /* PBXContainerItemProxy */ = {
			isa = PBXContainerItemProxy;
			containerPortal = 40F8551A20D681F100625284 /* Project object */;
			proxyType = 1;
			remoteGlobalIDString = 40F8552920D681F100625284;
			remoteInfo = "SelectedAnim MessagesExtension";
		};
/* End PBXContainerItemProxy section */

/* Begin PBXCopyFilesBuildPhase section */
		40F8553F20D681F200625284 /* Embed App Extensions */ = {
			isa = PBXCopyFilesBuildPhase;
			buildActionMask = 2147483647;
			dstPath = "";
			dstSubfolderSpec = 13;
			files = (
				40F8552B20D681F100625284 /* SelectedAnim MessagesExtension.appex in Embed App Extensions */,
			);
			name = "Embed App Extensions";
			runOnlyForDeploymentPostprocessing = 0;
		};
/* End PBXCopyFilesBuildPhase section */

/* Begin PBXFileReference section */
		40F8552020D681F100625284 /* SelectedAnim.app */ = {isa = PBXFileReference; explicitFileType = wrapper.application; includeInIndex = 0; path = SelectedAnim.app; sourceTree = BUILT_PRODUCTS_DIR; };
		40F8552320D681F100625284 /* Assets.xcassets */ = {isa = PBXFileReference; lastKnownFileType = folder.assetcatalog; path = Assets.xcassets; sourceTree = "<group>"; };
		40F8552520D681F100625284 /* Info.plist */ = {isa = PBXFileReference; lastKnownFileType = text.plist.xml; path = Info.plist; sourceTree = "<group>"; };
		40F8552A20D681F100625284 /* SelectedAnim MessagesExtension.appex */ = {isa = PBXFileReference; explicitFileType = "wrapper.app-extension"; includeInIndex = 0; path = "SelectedAnim MessagesExtension.appex"; sourceTree = BUILT_PRODUCTS_DIR; };
		40F8552F20D681F100625284 /* Messages.framework */ = {isa = PBXFileReference; lastKnownFileType = wrapper.framework; name = Messages.framework; path = System/Library/Frameworks/Messages.framework; sourceTree = SDKROOT; };
		40F8553220D681F100625284 /* MessagesViewController.swift */ = {isa = PBXFileReference; lastKnownFileType = sourcecode.swift; path = MessagesViewController.swift; sourceTree = "<group>"; };
		40F8553520D681F100625284 /* Base */ = {isa = PBXFileReference; lastKnownFileType = file.storyboard; name = Base; path = Base.lproj/MainInterface.storyboard; sourceTree = "<group>"; };
		40F8553720D681F200625284 /* Assets.xcassets */ = {isa = PBXFileReference; lastKnownFileType = folder.assetcatalog; path = Assets.xcassets; sourceTree = "<group>"; };
		40F8553920D681F200625284 /* Info.plist */ = {isa = PBXFileReference; lastKnownFileType = text.plist.xml; path = Info.plist; sourceTree = "<group>"; };
/* End PBXFileReference section */

/* Begin PBXFrameworksBuildPhase section */
		40F8552720D681F100625284 /* Frameworks */ = {
			isa = PBXFrameworksBuildPhase;
			buildActionMask = 2147483647;
			files = (
				40F8553020D681F100625284 /* Messages.framework in Frameworks */,
			);
			runOnlyForDeploymentPostprocessing = 0;
		};
/* End PBXFrameworksBuildPhase section */

/* Begin PBXGroup section */
		40F8551920D681F000625284 = {
			isa = PBXGroup;
			children = (
				40F8552220D681F100625284 /* SelectedAnim */,
				40F8553120D681F100625284 /* SelectedAnim MessagesExtension */,
				40F8552E20D681F100625284 /* Frameworks */,
				40F8552120D681F100625284 /* Products */,
			);
			sourceTree = "<group>";
		};
		40F8552120D681F100625284 /* Products */ = {
			isa = PBXGroup;
			children = (
				40F8552020D681F100625284 /* SelectedAnim.app */,
				40F8552A20D681F100625284 /* SelectedAnim MessagesExtension.appex */,
			);
			name = Products;
			sourceTree = "<group>";
		};
		40F8552220D681F100625284 /* SelectedAnim */ = {
			isa = PBXGroup;
			children = (
				40F8552320D681F100625284 /* Assets.xcassets */,
				40F8552520D681F100625284 /* Info.plist */,
			);
			path = SelectedAnim;
			sourceTree = "<group>";
		};
		40F8552E20D681F100625284 /* Frameworks */ = {
			isa = PBXGroup;
			children = (
				40F8552F20D681F100625284 /* Messages.framework */,
			);
			name = Frameworks;
			sourceTree = "<group>";
		};
		40F8553120D681F100625284 /* SelectedAnim MessagesExtension */ = {
			isa = PBXGroup;
			children = (
				40F8553220D681F100625284 /* MessagesViewController.swift */,
				40F8553420D681F100625284 /* MainInterface.storyboard */,
				40F8553720D681F200625284 /* Assets.xcassets */,
				40F8553920D681F200625284 /* Info.plist */,
			);
			path = "SelectedAnim MessagesExtension";
			sourceTree = "<group>";
		};
/* End PBXGroup section */

/* Begin PBXNativeTarget section */
		40F8551F20D681F100625284 /* SelectedAnim */ = {
			isa = PBXNativeTarget;
			buildConfigurationList = 40F8554020D681F200625284 /* Build configuration list for PBXNativeTarget "SelectedAnim" */;
			buildPhases = (
				40F8551E20D681F100625284 /* Resources */,
				40F8553F20D681F200625284 /* Embed App Extensions */,
			);
			buildRules = (
			);
			dependencies = (
				40F8552D20D681F100625284 /* PBXTargetDependency */,
			);
			name = SelectedAnim;
			productName = SelectedAnim;
			productReference = 40F8552020D681F100625284 /* SelectedAnim.app */;
			productType = "com.apple.product-type.application.messages";
		};
		40F8552920D681F100625284 /* SelectedAnim MessagesExtension */ = {
			isa = PBXNativeTarget;
			buildConfigurationList = 40F8553C20D681F200625284 /* Build configuration list for PBXNativeTarget "SelectedAnim MessagesExtension" */;
			buildPhases = (
				40F8552620D681F100625284 /* Sources */,
				40F8552720D681F100625284 /* Frameworks */,
				40F8552820D681F100625284 /* Resources */,
			);
			buildRules = (
			);
			dependencies = (
			);
			name = "SelectedAnim MessagesExtension";
			productName = "SelectedAnim MessagesExtension";
			productReference = 40F8552A20D681F100625284 /* SelectedAnim MessagesExtension.appex */;
			productType = "com.apple.product-type.app-extension.messages";
		};
/* End PBXNativeTarget section */

/* Begin PBXProject section */
		40F8551A20D681F100625284 /* Project object */ = {
			isa = PBXProject;
			attributes = {
				LastSwiftUpdateCheck = 0940;
				LastUpgradeCheck = 0940;
				ORGANIZATIONNAME = "Tomasz Kot";
				TargetAttributes = {
					40F8551F20D681F100625284 = {
						CreatedOnToolsVersion = 9.4.1;
					};
					40F8552920D681F100625284 = {
						CreatedOnToolsVersion = 9.4.1;
					};
				};
			};
			buildConfigurationList = 40F8551D20D681F100625284 /* Build configuration list for PBXProject "SelectedAnim" */;
			compatibilityVersion = "Xcode 9.3";
			developmentRegion = en;
			hasScannedForEncodings = 0;
			knownRegions = (
				en,
				Base,
			);
			mainGroup = 40F8551920D681F000625284;
			productRefGroup = 40F8552120D681F100625284 /* Products */;
			projectDirPath = "";
			projectRoot = "";
			targets = (
				40F8551F20D681F100625284 /* SelectedAnim */,
				40F8552920D681F100625284 /* SelectedAnim MessagesExtension */,
			);
		};
/* End PBXProject section */

/* Begin PBXResourcesBuildPhase section */
		40F8551E20D681F100625284 /* Resources */ = {
			isa = PBXResourcesBuildPhase;
			buildActionMask = 2147483647;
			files = (
				40F8552420D681F100625284 /* Assets.xcassets in Resources */,
			);
			runOnlyForDeploymentPostprocessing = 0;
		};
		40F8552820D681F100625284 /* Resources */ = {
			isa = PBXResourcesBuildPhase;
			buildActionMask = 2147483647;
			files = (
				40F8553820D681F200625284 /* Assets.xcassets in Resources */,
				40F8553620D681F100625284 /* MainInterface.storyboard in Resources */,
			);
			runOnlyForDeploymentPostprocessing = 0;
		};
/* End PBXResourcesBuildPhase section */

/* Begin PBXSourcesBuildPhase section */
		40F8552620D681F100625284 /* Sources */ = {
			isa = PBXSourcesBuildPhase;
			buildActionMask = 2147483647;
			files = (
				40F8553320D681F100625284 /* MessagesViewController.swift in Sources */,
			);
			runOnlyForDeploymentPostprocessing = 0;
		};
/* End PBXSourcesBuildPhase section */

/* Begin PBXTargetDependency section */
		40F8552D20D681F100625284 /* PBXTargetDependency */ = {
			isa = PBXTargetDependency;
			target = 40F8552920D681F100625284 /* SelectedAnim MessagesExtension */;
			targetProxy = 40F8552C20D681F100625284 /* PBXContainerItemProxy */;
		};
/* End PBXTargetDependency section */

/* Begin PBXVariantGroup section */
		40F8553420D681F100625284 /* MainInterface.storyboard */ = {
			isa = PBXVariantGroup;
			children = (
				40F8553520D681F100625284 /* Base */,
			);
			name = MainInterface.storyboard;
			sourceTree = "<group>";
		};
/* End PBXVariantGroup section */

/* Begin XCBuildConfiguration section */
		40F8553A20D681F200625284 /* Debug */ = {
			isa = XCBuildConfiguration;
			buildSettings = {
				ALWAYS_SEARCH_USER_PATHS = NO;
				CLANG_ANALYZER_NONNULL = YES;
				CLANG_ANALYZER_NUMBER_OBJECT_CONVERSION = YES_AGGRESSIVE;
				CLANG_CXX_LANGUAGE_STANDARD = "gnu++14";
				CLANG_CXX_LIBRARY = "libc++";
				CLANG_ENABLE_MODULES = YES;
				CLANG_ENABLE_OBJC_ARC = YES;
				CLANG_ENABLE_OBJC_WEAK = YES;
				CLANG_WARN_BLOCK_CAPTURE_AUTORELEASING = YES;
				CLANG_WARN_BOOL_CONVERSION = YES;
				CLANG_WARN_COMMA = YES;
				CLANG_WARN_CONSTANT_CONVERSION = YES;
				CLANG_WARN_DEPRECATED_OBJC_IMPLEMENTATIONS = YES;
				CLANG_WARN_DIRECT_OBJC_ISA_USAGE = YES_ERROR;
				CLANG_WARN_DOCUMENTATION_COMMENTS = YES;
				CLANG_WARN_EMPTY_BODY = YES;
				CLANG_WARN_ENUM_CONVERSION = YES;
				CLANG_WARN_INFINITE_RECURSION = YES;
				CLANG_WARN_INT_CONVERSION = YES;
				CLANG_WARN_NON_LITERAL_NULL_CONVERSION = YES;
				CLANG_WARN_OBJC_IMPLICIT_RETAIN_SELF = YES;
				CLANG_WARN_OBJC_LITERAL_CONVERSION = YES;
				CLANG_WARN_OBJC_ROOT_CLASS = YES_ERROR;
				CLANG_WARN_RANGE_LOOP_ANALYSIS = YES;
				CLANG_WARN_STRICT_PROTOTYPES = YES;
				CLANG_WARN_SUSPICIOUS_MOVE = YES;
				CLANG_WARN_UNGUARDED_AVAILABILITY = YES_AGGRESSIVE;
				CLANG_WARN_UNREACHABLE_CODE = YES;
				CLANG_WARN__DUPLICATE_METHOD_MATCH = YES;
				CODE_SIGN_IDENTITY = "iPhone Developer";
				COPY_PHASE_STRIP = NO;
				DEBUG_INFORMATION_FORMAT = dwarf;
				ENABLE_STRICT_OBJC_MSGSEND = YES;
				ENABLE_TESTABILITY = YES;
				GCC_C_LANGUAGE_STANDARD = gnu11;
				GCC_DYNAMIC_NO_PIC = NO;
				GCC_NO_COMMON_BLOCKS = YES;
				GCC_OPTIMIZATION_LEVEL = 0;
				GCC_PREPROCESSOR_DEFINITIONS = (
					"DEBUG=1",
					"$(inherited)",
				);
				GCC_WARN_64_TO_32_BIT_CONVERSION = YES;
				GCC_WARN_ABOUT_RETURN_TYPE = YES_ERROR;
				GCC_WARN_UNDECLARED_SELECTOR = YES;
				GCC_WARN_UNINITIALIZED_AUTOS = YES_AGGRESSIVE;
				GCC_WARN_UNUSED_FUNCTION = YES;
				GCC_WARN_UNUSED_VARIABLE = YES;
				IPHONEOS_DEPLOYMENT_TARGET = 11.4;
				MTL_ENABLE_DEBUG_INFO = YES;
				ONLY_ACTIVE_ARCH = YES;
				SDKROOT = iphoneos;
				SWIFT_ACTIVE_COMPILATION_CONDITIONS = DEBUG;
				SWIFT_OPTIMIZATION_LEVEL = "-Onone";
			};
			name = Debug;
		};
		40F8553B20D681F200625284 /* Release */ = {
			isa = XCBuildConfiguration;
			buildSettings = {
				ALWAYS_SEARCH_USER_PATHS = NO;
				CLANG_ANALYZER_NONNULL = YES;
				CLANG_ANALYZER_NUMBER_OBJECT_CONVERSION = YES_AGGRESSIVE;
				CLANG_CXX_LANGUAGE_STANDARD = "gnu++14";
				CLANG_CXX_LIBRARY = "libc++";
				CLANG_ENABLE_MODULES = YES;
				CLANG_ENABLE_OBJC_ARC = YES;
				CLANG_ENABLE_OBJC_WEAK = YES;
				CLANG_WARN_BLOCK_CAPTURE_AUTORELEASING = YES;
				CLANG_WARN_BOOL_CONVERSION = YES;
				CLANG_WARN_COMMA = YES;
				CLANG_WARN_CONSTANT_CONVERSION = YES;
				CLANG_WARN_DEPRECATED_OBJC_IMPLEMENTATIONS = YES;
				CLANG_WARN_DIRECT_OBJC_ISA_USAGE = YES_ERROR;
				CLANG_WARN_DOCUMENTATION_COMMENTS = YES;
				CLANG_WARN_EMPTY_BODY = YES;
				CLANG_WARN_ENUM_CONVERSION = YES;
				CLANG_WARN_INFINITE_RECURSION = YES;
				CLANG_WARN_INT_CONVERSION = YES;
				CLANG_WARN_NON_LITERAL_NULL_CONVERSION = YES;
				CLANG_WARN_OBJC_IMPLICIT_RETAIN_SELF = YES;
				CLANG_WARN_OBJC_LITERAL_CONVERSION = YES;
				CLANG_WARN_OBJC_ROOT_CLASS = YES_ERROR;
				CLANG_WARN_RANGE_LOOP_ANALYSIS = YES;
				CLANG_WARN_STRICT_PROTOTYPES = YES;
				CLANG_WARN_SUSPICIOUS_MOVE = YES;
				CLANG_WARN_UNGUARDED_AVAILABILITY = YES_AGGRESSIVE;
				CLANG_WARN_UNREACHABLE_CODE = YES;
				CLANG_WARN__DUPLICATE_METHOD_MATCH = YES;
				CODE_SIGN_IDENTITY = "iPhone Developer";
				COPY_PHASE_STRIP = NO;
				DEBUG_INFORMATION_FORMAT = "dwarf-with-dsym";
				ENABLE_NS_ASSERTIONS = NO;
				ENABLE_STRICT_OBJC_MSGSEND = YES;
				GCC_C_LANGUAGE_STANDARD = gnu11;
				GCC_NO_COMMON_BLOCKS = YES;
				GCC_WARN_64_TO_32_BIT_CONVERSION = YES;
				GCC_WARN_ABOUT_RETURN_TYPE = YES_ERROR;
				GCC_WARN_UNDECLARED_SELECTOR = YES;
				GCC_WARN_UNINITIALIZED_AUTOS = YES_AGGRESSIVE;
				GCC_WARN_UNUSED_FUNCTION = YES;
				GCC_WARN_UNUSED_VARIABLE = YES;
				IPHONEOS_DEPLOYMENT_TARGET = 11.4;
				MTL_ENABLE_DEBUG_INFO = NO;
				SDKROOT = iphoneos;
				SWIFT_COMPILATION_MODE = wholemodule;
				SWIFT_OPTIMIZATION_LEVEL = "-O";
				VALIDATE_PRODUCT = YES;
			};
			name = Release;
		};
		40F8553D20D681F200625284 /* Debug */ = {
			isa = XCBuildConfiguration;
			buildSettings = {
				ASSETCATALOG_COMPILER_APPICON_NAME = "iMessage App Icon";
				CODE_SIGN_STYLE = Automatic;
				INFOPLIST_FILE = "SelectedAnim MessagesExtension/Info.plist";
				LD_RUNPATH_SEARCH_PATHS = (
					"$(inherited)",
					"@executable_path/Frameworks",
					"@executable_path/../../Frameworks",
				);
				PRODUCT_BUNDLE_IDENTIFIER = pl.tomek.SelectedAnim.MessagesExtension;
				PRODUCT_NAME = "$(TARGET_NAME)";
				SKIP_INSTALL = YES;
				SWIFT_VERSION = 4.0;
				TARGETED_DEVICE_FAMILY = "1,2";
			};
			name = Debug;
		};
		40F8553E20D681F200625284 /* Release */ = {
			isa = XCBuildConfiguration;
			buildSettings = {
				ASSETCATALOG_COMPILER_APPICON_NAME = "iMessage App Icon";
				CODE_SIGN_STYLE = Automatic;
				INFOPLIST_FILE = "SelectedAnim MessagesExtension/Info.plist";
				LD_RUNPATH_SEARCH_PATHS = (
					"$(inherited)",
					"@executable_path/Frameworks",
					"@executable_path/../../Frameworks",
				);
				PRODUCT_BUNDLE_IDENTIFIER = pl.tomek.SelectedAnim.MessagesExtension;
				PRODUCT_NAME = "$(TARGET_NAME)";
				SKIP_INSTALL = YES;
				SWIFT_VERSION = 4.0;
				TARGETED_DEVICE_FAMILY = "1,2";
			};
			name = Release;
		};
		40F8554120D681F200625284 /* Debug */ = {
			isa = XCBuildConfiguration;
			buildSettings = {
				ALWAYS_EMBED_SWIFT_STANDARD_LIBRARIES = YES;
				ASSETCATALOG_COMPILER_APPICON_NAME = AppIcon;
				CODE_SIGN_STYLE = Automatic;
				INFOPLIST_FILE = SelectedAnim/Info.plist;
				PRODUCT_BUNDLE_IDENTIFIER = pl.tomek.SelectedAnim;
				PRODUCT_NAME = "$(TARGET_NAME)";
				SWIFT_VERSION = 4.0;
				TARGETED_DEVICE_FAMILY = "1,2";
			};
			name = Debug;
		};
		40F8554220D681F200625284 /* Release */ = {
			isa = XCBuildConfiguration;
			buildSettings = {
				ALWAYS_EMBED_SWIFT_STANDARD_LIBRARIES = YES;
				ASSETCATALOG_COMPILER_APPICON_NAME = AppIcon;
				CODE_SIGN_STYLE = Automatic;
				INFOPLIST_FILE = SelectedAnim/Info.plist;
				PRODUCT_BUNDLE_IDENTIFIER = pl.tomek.SelectedAnim;
				PRODUCT_NAME = "$(TARGET_NAME)";
				SWIFT_VERSION = 4.0;
				TARGETED_DEVICE_FAMILY = "1,2";
			};
			name = Release;
		};
/* End XCBuildConfiguration section */

/* Begin XCConfigurationList section */
		40F8551D20D681F100625284 /* Build configuration list for PBXProject "SelectedAnim" */ = {
			isa = XCConfigurationList;
			buildConfigurations = (
				40F8553A20D681F200625284 /* Debug */,
				40F8553B20D681F200625284 /* Release */,
			);
			defaultConfigurationIsVisible = 0;
			defaultConfigurationName = Release;
		};
		40F8553C20D681F200625284 /* Build configuration list for PBXNativeTarget "SelectedAnim MessagesExtension" */ = {
			isa = XCConfigurationList;
			buildConfigurations = (
				40F8553D20D681F200625284 /* Debug */,
				40F8553E20D681F200625284 /* Release */,
			);
			defaultConfigurationIsVisible = 0;
			defaultConfigurationName = Release;
		};
		40F8554020D681F200625284 /* Build configuration list for PBXNativeTarget "SelectedAnim" */ = {
			isa = XCConfigurationList;
			buildConfigurations = (
				40F8554120D681F200625284 /* Debug */,
				40F8554220D681F200625284 /* Release */,
			);
			defaultConfigurationIsVisible = 0;
			defaultConfigurationName = Release;
		};
/* End XCConfigurationList section */
	};
	rootObject = 40F8551A20D681F100625284 /* Project object */;
}
