// !$*UTF8*$!
{
	archiveVersion = 1;
	classes = {
	};
	objectVersion = 50;
	objects = {

/* Begin PBXBuildFile section */
		404E2C81216F964700A60557 /* AppDelegate.m in Sources */ = {isa = PBXBuildFile; fileRef = 404E2C80216F964700A60557 /* AppDelegate.m */; };
		404E2C84216F964700A60557 /* ViewController.m in Sources */ = {isa = PBXBuildFile; fileRef = 404E2C83216F964700A60557 /* ViewController.m */; };
		404E2C87216F964700A60557 /* Main.storyboard in Resources */ = {isa = PBXBuildFile; fileRef = 404E2C85216F964700A60557 /* Main.storyboard */; };
		404E2C89216F964700A60557 /* Assets.xcassets in Resources */ = {isa = PBXBuildFile; fileRef = 404E2C88216F964700A60557 /* Assets.xcassets */; };
		404E2C8C216F964700A60557 /* LaunchScreen.storyboard in Resources */ = {isa = PBXBuildFile; fileRef = 404E2C8A216F964700A60557 /* LaunchScreen.storyboard */; };
		404E2C8F216F964700A60557 /* main.m in Sources */ = {isa = PBXBuildFile; fileRef = 404E2C8E216F964700A60557 /* main.m */; };
		404E2C97216F970000A60557 /* SecondVC.swift in Sources */ = {isa = PBXBuildFile; fileRef = 404E2C96216F970000A60557 /* SecondVC.swift */; };
/* End PBXBuildFile section */

/* Begin PBXFileReference section */
		404E2C7C216F964700A60557 /* MyOBJCApp.app */ = {isa = PBXFileReference; explicitFileType = wrapper.application; includeInIndex = 0; path = MyOBJCApp.app; sourceTree = BUILT_PRODUCTS_DIR; };
		404E2C7F216F964700A60557 /* AppDelegate.h */ = {isa = PBXFileReference; lastKnownFileType = sourcecode.c.h; path = AppDelegate.h; sourceTree = "<group>"; };
		404E2C80216F964700A60557 /* AppDelegate.m */ = {isa = PBXFileReference; lastKnownFileType = sourcecode.c.objc; path = AppDelegate.m; sourceTree = "<group>"; };
		404E2C82216F964700A60557 /* ViewController.h */ = {isa = PBXFileReference; lastKnownFileType = sourcecode.c.h; path = ViewController.h; sourceTree = "<group>"; };
		404E2C83216F964700A60557 /* ViewController.m */ = {isa = PBXFileReference; lastKnownFileType = sourcecode.c.objc; path = ViewController.m; sourceTree = "<group>"; };
		404E2C86216F964700A60557 /* Base */ = {isa = PBXFileReference; lastKnownFileType = file.storyboard; name = Base; path = Base.lproj/Main.storyboard; sourceTree = "<group>"; };
		404E2C88216F964700A60557 /* Assets.xcassets */ = {isa = PBXFileReference; lastKnownFileType = folder.assetcatalog; path = Assets.xcassets; sourceTree = "<group>"; };
		404E2C8B216F964700A60557 /* Base */ = {isa = PBXFileReference; lastKnownFileType = file.storyboard; name = Base; path = Base.lproj/LaunchScreen.storyboard; sourceTree = "<group>"; };
		404E2C8D216F964700A60557 /* Info.plist */ = {isa = PBXFileReference; lastKnownFileType = text.plist.xml; path = Info.plist; sourceTree = "<group>"; };
		404E2C8E216F964700A60557 /* main.m */ = {isa = PBXFileReference; lastKnownFileType = sourcecode.c.objc; path = main.m; sourceTree = "<group>"; };
		404E2C95216F96FF00A60557 /* MyOBJCApp-Bridging-Header.h */ = {isa = PBXFileReference; lastKnownFileType = sourcecode.c.h; path = "MyOBJCApp-Bridging-Header.h"; sourceTree = "<group>"; };
		404E2C96216F970000A60557 /* SecondVC.swift */ = {isa = PBXFileReference; lastKnownFileType = sourcecode.swift; path = SecondVC.swift; sourceTree = "<group>"; };
/* End PBXFileReference section */

/* Begin PBXFrameworksBuildPhase section */
		404E2C79216F964700A60557 /* Frameworks */ = {
			isa = PBXFrameworksBuildPhase;
			buildActionMask = 2147483647;
			files = (
			);
			runOnlyForDeploymentPostprocessing = 0;
		};
/* End PBXFrameworksBuildPhase section */

/* Begin PBXGroup section */
		404E2C73216F964700A60557 = {
			isa = PBXGroup;
			children = (
				404E2C7E216F964700A60557 /* MyOBJCApp */,
				404E2C7D216F964700A60557 /* Products */,
			);
			sourceTree = "<group>";
		};
		404E2C7D216F964700A60557 /* Products */ = {
			isa = PBXGroup;
			children = (
				404E2C7C216F964700A60557 /* MyOBJCApp.app */,
			);
			name = Products;
			sourceTree = "<group>";
		};
		404E2C7E216F964700A60557 /* MyOBJCApp */ = {
			isa = PBXGroup;
			children = (
				404E2C7F216F964700A60557 /* AppDelegate.h */,
				404E2C80216F964700A60557 /* AppDelegate.m */,
				404E2C82216F964700A60557 /* ViewController.h */,
				404E2C83216F964700A60557 /* ViewController.m */,
				404E2C85216F964700A60557 /* Main.storyboard */,
				404E2C88216F964700A60557 /* Assets.xcassets */,
				404E2C8A216F964700A60557 /* LaunchScreen.storyboard */,
				404E2C8D216F964700A60557 /* Info.plist */,
				404E2C8E216F964700A60557 /* main.m */,
				404E2C96216F970000A60557 /* SecondVC.swift */,
				404E2C95216F96FF00A60557 /* MyOBJCApp-Bridging-Header.h */,
			);
			path = MyOBJCApp;
			sourceTree = "<group>";
		};
/* End PBXGroup section */

/* Begin PBXNativeTarget section */
		404E2C7B216F964700A60557 /* MyOBJCApp */ = {
			isa = PBXNativeTarget;
			buildConfigurationList = 404E2C92216F964700A60557 /* Build configuration list for PBXNativeTarget "MyOBJCApp" */;
			buildPhases = (
				404E2C78216F964700A60557 /* Sources */,
				404E2C79216F964700A60557 /* Frameworks */,
				404E2C7A216F964700A60557 /* Resources */,
			);
			buildRules = (
			);
			dependencies = (
			);
			name = MyOBJCApp;
			productName = MyOBJCApp;
			productReference = 404E2C7C216F964700A60557 /* MyOBJCApp.app */;
			productType = "com.apple.product-type.application";
		};
/* End PBXNativeTarget section */

/* Begin PBXProject section */
		404E2C74216F964700A60557 /* Project object */ = {
			isa = PBXProject;
			attributes = {
				LastUpgradeCheck = 0940;
				ORGANIZATIONNAME = "Tomasz Kot";
				TargetAttributes = {
					404E2C7B216F964700A60557 = {
						CreatedOnToolsVersion = 9.4.1;
						LastSwiftMigration = 0940;
					};
				};
			};
			buildConfigurationList = 404E2C77216F964700A60557 /* Build configuration list for PBXProject "MyOBJCApp" */;
			compatibilityVersion = "Xcode 9.3";
			developmentRegion = en;
			hasScannedForEncodings = 0;
			knownRegions = (
				en,
				Base,
			);
			mainGroup = 404E2C73216F964700A60557;
			productRefGroup = 404E2C7D216F964700A60557 /* Products */;
			projectDirPath = "";
			projectRoot = "";
			targets = (
				404E2C7B216F964700A60557 /* MyOBJCApp */,
			);
		};
/* End PBXProject section */

/* Begin PBXResourcesBuildPhase section */
		404E2C7A216F964700A60557 /* Resources */ = {
			isa = PBXResourcesBuildPhase;
			buildActionMask = 2147483647;
			files = (
				404E2C8C216F964700A60557 /* LaunchScreen.storyboard in Resources */,
				404E2C89216F964700A60557 /* Assets.xcassets in Resources */,
				404E2C87216F964700A60557 /* Main.storyboard in Resources */,
			);
			runOnlyForDeploymentPostprocessing = 0;
		};
/* End PBXResourcesBuildPhase section */

/* Begin PBXSourcesBuildPhase section */
		404E2C78216F964700A60557 /* Sources */ = {
			isa = PBXSourcesBuildPhase;
			buildActionMask = 2147483647;
			files = (
				404E2C84216F964700A60557 /* ViewController.m in Sources */,
				404E2C8F216F964700A60557 /* main.m in Sources */,
				404E2C97216F970000A60557 /* SecondVC.swift in Sources */,
				404E2C81216F964700A60557 /* AppDelegate.m in Sources */,
			);
			runOnlyForDeploymentPostprocessing = 0;
		};
/* End PBXSourcesBuildPhase section */

/* Begin PBXVariantGroup section */
		404E2C85216F964700A60557 /* Main.storyboard */ = {
			isa = PBXVariantGroup;
			children = (
				404E2C86216F964700A60557 /* Base */,
			);
			name = Main.storyboard;
			sourceTree = "<group>";
		};
		404E2C8A216F964700A60557 /* LaunchScreen.storyboard */ = {
			isa = PBXVariantGroup;
			children = (
				404E2C8B216F964700A60557 /* Base */,
			);
			name = LaunchScreen.storyboard;
			sourceTree = "<group>";
		};
/* End PBXVariantGroup section */

/* Begin XCBuildConfiguration section */
		404E2C90216F964700A60557 /* Debug */ = {
			isa = XCBuildConfiguration;
			buildSettings = {
				ALWAYS_SEARCH_USER_PATHS = NO;
				CLANG_ANALYZER_NONNULL = YES;
				CLANG_ANALYZER_NUMBER_OBJECT_CONVERSION = YES_AGGRESSIVE;
				CLANG_CXX_LANGUAGE_STANDARD = "gnu++14";
				CLANG_CXX_LIBRARY = "libc++";
				CLANG_ENABLE_MODULES = YES;
				CLANG_ENABLE_OBJC_ARC = YES;
				CLANG_ENABLE_OBJC_WEAK = YES;
				CLANG_WARN_BLOCK_CAPTURE_AUTORELEASING = YES;
				CLANG_WARN_BOOL_CONVERSION = YES;
				CLANG_WARN_COMMA = YES;
				CLANG_WARN_CONSTANT_CONVERSION = YES;
				CLANG_WARN_DEPRECATED_OBJC_IMPLEMENTATIONS = YES;
				CLANG_WARN_DIRECT_OBJC_ISA_USAGE = YES_ERROR;
				CLANG_WARN_DOCUMENTATION_COMMENTS = YES;
				CLANG_WARN_EMPTY_BODY = YES;
				CLANG_WARN_ENUM_CONVERSION = YES;
				CLANG_WARN_INFINITE_RECURSION = YES;
				CLANG_WARN_INT_CONVERSION = YES;
				CLANG_WARN_NON_LITERAL_NULL_CONVERSION = YES;
				CLANG_WARN_OBJC_IMPLICIT_RETAIN_SELF = YES;
				CLANG_WARN_OBJC_LITERAL_CONVERSION = YES;
				CLANG_WARN_OBJC_ROOT_CLASS = YES_ERROR;
				CLANG_WARN_RANGE_LOOP_ANALYSIS = YES;
				CLANG_WARN_STRICT_PROTOTYPES = YES;
				CLANG_WARN_SUSPICIOUS_MOVE = YES;
				CLANG_WARN_UNGUARDED_AVAILABILITY = YES_AGGRESSIVE;
				CLANG_WARN_UNREACHABLE_CODE = YES;
				CLANG_WARN__DUPLICATE_METHOD_MATCH = YES;
				CODE_SIGN_IDENTITY = "iPhone Developer";
				COPY_PHASE_STRIP = NO;
				DEBUG_INFORMATION_FORMAT = dwarf;
				ENABLE_STRICT_OBJC_MSGSEND = YES;
				ENABLE_TESTABILITY = YES;
				GCC_C_LANGUAGE_STANDARD = gnu11;
				GCC_DYNAMIC_NO_PIC = NO;
				GCC_NO_COMMON_BLOCKS = YES;
				GCC_OPTIMIZATION_LEVEL = 0;
				GCC_PREPROCESSOR_DEFINITIONS = (
					"DEBUG=1",
					"$(inherited)",
				);
				GCC_WARN_64_TO_32_BIT_CONVERSION = YES;
				GCC_WARN_ABOUT_RETURN_TYPE = YES_ERROR;
				GCC_WARN_UNDECLARED_SELECTOR = YES;
				GCC_WARN_UNINITIALIZED_AUTOS = YES_AGGRESSIVE;
				GCC_WARN_UNUSED_FUNCTION = YES;
				GCC_WARN_UNUSED_VARIABLE = YES;
				IPHONEOS_DEPLOYMENT_TARGET = 11.4;
				MTL_ENABLE_DEBUG_INFO = YES;
				ONLY_ACTIVE_ARCH = YES;
				SDKROOT = iphoneos;
				SWIFT_OBJC_BRIDGING_HEADER = "MyOBJCApp/MyOBJCApp-Bridging-Header.h";
			};
			name = Debug;
		};
		404E2C91216F964700A60557 /* Release */ = {
			isa = XCBuildConfiguration;
			buildSettings = {
				ALWAYS_SEARCH_USER_PATHS = NO;
				CLANG_ANALYZER_NONNULL = YES;
				CLANG_ANALYZER_NUMBER_OBJECT_CONVERSION = YES_AGGRESSIVE;
				CLANG_CXX_LANGUAGE_STANDARD = "gnu++14";
				CLANG_CXX_LIBRARY = "libc++";
				CLANG_ENABLE_MODULES = YES;
				CLANG_ENABLE_OBJC_ARC = YES;
				CLANG_ENABLE_OBJC_WEAK = YES;
				CLANG_WARN_BLOCK_CAPTURE_AUTORELEASING = YES;
				CLANG_WARN_BOOL_CONVERSION = YES;
				CLANG_WARN_COMMA = YES;
				CLANG_WARN_CONSTANT_CONVERSION = YES;
				CLANG_WARN_DEPRECATED_OBJC_IMPLEMENTATIONS = YES;
				CLANG_WARN_DIRECT_OBJC_ISA_USAGE = YES_ERROR;
				CLANG_WARN_DOCUMENTATION_COMMENTS = YES;
				CLANG_WARN_EMPTY_BODY = YES;
				CLANG_WARN_ENUM_CONVERSION = YES;
				CLANG_WARN_INFINITE_RECURSION = YES;
				CLANG_WARN_INT_CONVERSION = YES;
				CLANG_WARN_NON_LITERAL_NULL_CONVERSION = YES;
				CLANG_WARN_OBJC_IMPLICIT_RETAIN_SELF = YES;
				CLANG_WARN_OBJC_LITERAL_CONVERSION = YES;
				CLANG_WARN_OBJC_ROOT_CLASS = YES_ERROR;
				CLANG_WARN_RANGE_LOOP_ANALYSIS = YES;
				CLANG_WARN_STRICT_PROTOTYPES = YES;
				CLANG_WARN_SUSPICIOUS_MOVE = YES;
				CLANG_WARN_UNGUARDED_AVAILABILITY = YES_AGGRESSIVE;
				CLANG_WARN_UNREACHABLE_CODE = YES;
				CLANG_WARN__DUPLICATE_METHOD_MATCH = YES;
				CODE_SIGN_IDENTITY = "iPhone Developer";
				COPY_PHASE_STRIP = NO;
				DEBUG_INFORMATION_FORMAT = "dwarf-with-dsym";
				ENABLE_NS_ASSERTIONS = NO;
				ENABLE_STRICT_OBJC_MSGSEND = YES;
				GCC_C_LANGUAGE_STANDARD = gnu11;
				GCC_NO_COMMON_BLOCKS = YES;
				GCC_WARN_64_TO_32_BIT_CONVERSION = YES;
				GCC_WARN_ABOUT_RETURN_TYPE = YES_ERROR;
				GCC_WARN_UNDECLARED_SELECTOR = YES;
				GCC_WARN_UNINITIALIZED_AUTOS = YES_AGGRESSIVE;
				GCC_WARN_UNUSED_FUNCTION = YES;
				GCC_WARN_UNUSED_VARIABLE = YES;
				IPHONEOS_DEPLOYMENT_TARGET = 11.4;
				MTL_ENABLE_DEBUG_INFO = NO;
				SDKROOT = iphoneos;
				SWIFT_OBJC_BRIDGING_HEADER = "MyOBJCApp/MyOBJCApp-Bridging-Header.h";
				VALIDATE_PRODUCT = YES;
			};
			name = Release;
		};
		404E2C93216F964700A60557 /* Debug */ = {
			isa = XCBuildConfiguration;
			buildSettings = {
				ASSETCATALOG_COMPILER_APPICON_NAME = AppIcon;
				CLANG_ENABLE_MODULES = YES;
				CODE_SIGN_STYLE = Automatic;
				INFOPLIST_FILE = MyOBJCApp/Info.plist;
				LD_RUNPATH_SEARCH_PATHS = (
					"$(inherited)",
					"@executable_path/Frameworks",
				);
				PRODUCT_BUNDLE_IDENTIFIER = com.tomek.MyOBJCApp;
				PRODUCT_NAME = "$(TARGET_NAME)";
				SWIFT_OBJC_BRIDGING_HEADER = "MyOBJCApp/MyOBJCApp-Bridging-Header.h";
				SWIFT_OPTIMIZATION_LEVEL = "-Onone";
				SWIFT_VERSION = 3.0;
				TARGETED_DEVICE_FAMILY = "1,2";
			};
			name = Debug;
		};
		404E2C94216F964700A60557 /* Release */ = {
			isa = XCBuildConfiguration;
			buildSettings = {
				ASSETCATALOG_COMPILER_APPICON_NAME = AppIcon;
				CLANG_ENABLE_MODULES = YES;
				CODE_SIGN_STYLE = Automatic;
				INFOPLIST_FILE = MyOBJCApp/Info.plist;
				LD_RUNPATH_SEARCH_PATHS = (
					"$(inherited)",
					"@executable_path/Frameworks",
				);
				PRODUCT_BUNDLE_IDENTIFIER = com.tomek.MyOBJCApp;
				PRODUCT_NAME = "$(TARGET_NAME)";
				SWIFT_OBJC_BRIDGING_HEADER = "MyOBJCApp/MyOBJCApp-Bridging-Header.h";
				SWIFT_VERSION = 3.0;
				TARGETED_DEVICE_FAMILY = "1,2";
			};
			name = Release;
		};
/* End XCBuildConfiguration section */

/* Begin XCConfigurationList section */
		404E2C77216F964700A60557 /* Build configuration list for PBXProject "MyOBJCApp" */ = {
			isa = XCConfigurationList;
			buildConfigurations = (
				404E2C90216F964700A60557 /* Debug */,
				404E2C91216F964700A60557 /* Release */,
			);
			defaultConfigurationIsVisible = 0;
			defaultConfigurationName = Release;
		};
		404E2C92216F964700A60557 /* Build configuration list for PBXNativeTarget "MyOBJCApp" */ = {
			isa = XCConfigurationList;
			buildConfigurations = (
				404E2C93216F964700A60557 /* Debug */,
				404E2C94216F964700A60557 /* Release */,
			);
			defaultConfigurationIsVisible = 0;
			defaultConfigurationName = Release;
		};
/* End XCConfigurationList section */
	};
	rootObject = 404E2C74216F964700A60557 /* Project object */;
}
